
Microsoft Visual Studio Solution File, Format Version 12.00
# Visual Studio 14
VisualStudioVersion = 14.0.25420.1
MinimumVisualStudioVersion = 10.0.40219.1
Project("{FAE04EC0-301F-11D3-BF4B-00C04F79EFBC}") = "Web", "Web\Web.csproj", "{A44A16A9-A506-4905-8C42-0385C3D3CD6F}"
EndProject
Project("{FAE04EC0-301F-11D3-BF4B-00C04F79EFBC}") = "BaseModels", "BaseModels\BaseModels.csproj", "{D63217FF-CF32-4418-9A61-294D9D715065}"
EndProject
Global
	GlobalSection(SolutionConfigurationPlatforms) = preSolution
		Debug|Any CPU = Debug|Any CPU
		Release|Any CPU = Release|Any CPU
	EndGlobalSection
	GlobalSection(ProjectConfigurationPlatforms) = postSolution
		{A44A16A9-A506-4905-8C42-0385C3D3CD6F}.Debug|Any CPU.ActiveCfg = Debug|Any CPU
		{A44A16A9-A506-4905-8C42-0385C3D3CD6F}.Debug|Any CPU.Build.0 = Debug|Any CPU
		{A44A16A9-A506-4905-8C42-0385C3D3CD6F}.Release|Any CPU.ActiveCfg = Release|Any CPU
		{A44A16A9-A506-4905-8C42-0385C3D3CD6F}.Release|Any CPU.Build.0 = Release|Any CPU
		{D63217FF-CF32-4418-9A61-294D9D715065}.Debug|Any CPU.ActiveCfg = Debug|Any CPU
		{D63217FF-CF32-4418-9A61-294D9D715065}.Debug|Any CPU.Build.0 = Debug|Any CPU
		{D63217FF-CF32-4418-9A61-294D9D715065}.Release|Any CPU.ActiveCfg = Release|Any CPU
		{D63217FF-CF32-4418-9A61-294D9D715065}.Release|Any CPU.Build.0 = Release|Any CPU
	EndGlobalSection
	GlobalSection(SolutionProperties) = preSolution
		HideSolutionNode = FALSE
	EndGlobalSection
EndGlobal
