
Microsoft Visual Studio Solution File, Format Version 12.00
# Visual Studio 14
VisualStudioVersion = 14.0.25420.1
MinimumVisualStudioVersion = 10.0.40219.1
Project("{FAE04EC0-301F-11D3-BF4B-00C04F79EFBC}") = "Aula2505", "Aula2505\Aula2505.csproj", "{B31C5BA6-66EC-4C4C-8B8C-799FB2C06FAB}"
EndProject
Global
	GlobalSection(SolutionConfigurationPlatforms) = preSolution
		Debug|Any CPU = Debug|Any CPU
		Release|Any CPU = Release|Any CPU
	EndGlobalSection
	GlobalSection(ProjectConfigurationPlatforms) = postSolution
		{B31C5BA6-66EC-4C4C-8B8C-799FB2C06FAB}.Debug|Any CPU.ActiveCfg = Debug|Any CPU
		{B31C5BA6-66EC-4C4C-8B8C-799FB2C06FAB}.Debug|Any CPU.Build.0 = Debug|Any CPU
		{B31C5BA6-66EC-4C4C-8B8C-799FB2C06FAB}.Release|Any CPU.ActiveCfg = Release|Any CPU
		{B31C5BA6-66EC-4C4C-8B8C-799FB2C06FAB}.Release|Any CPU.Build.0 = Release|Any CPU
	EndGlobalSection
	GlobalSection(SolutionProperties) = preSolution
		HideSolutionNode = FALSE
	EndGlobalSection
EndGlobal
